// !$*UTF8*$!
{
	archiveVersion = 1;
	classes = {
	};
	objectVersion = 46;
	objects = {

/* Begin PBXBuildFile section */
		9FFDC5D81D1D2F2B00D715A4 /* AppDelegate.swift in Sources */ = {isa = PBXBuildFile; fileRef = 9FFDC5D71D1D2F2B00D715A4 /* AppDelegate.swift */; };
		9FFDC5DA1D1D2F2B00D715A4 /* ViewController.swift in Sources */ = {isa = PBXBuildFile; fileRef = 9FFDC5D91D1D2F2B00D715A4 /* ViewController.swift */; };
		9FFDC5DD1D1D2F2B00D715A4 /* Main.storyboard in Resources */ = {isa = PBXBuildFile; fileRef = 9FFDC5DB1D1D2F2B00D715A4 /* Main.storyboard */; };
		9FFDC5DF1D1D2F2B00D715A4 /* Assets.xcassets in Resources */ = {isa = PBXBuildFile; fileRef = 9FFDC5DE1D1D2F2B00D715A4 /* Assets.xcassets */; };
		9FFDC5E21D1D2F2B00D715A4 /* LaunchScreen.storyboard in Resources */ = {isa = PBXBuildFile; fileRef = 9FFDC5E01D1D2F2B00D715A4 /* LaunchScreen.storyboard */; };
/* End PBXBuildFile section */

/* Begin PBXFileReference section */
		9FFDC5D41D1D2F2B00D715A4 /* Multiples.app */ = {isa = PBXFileReference; explicitFileType = wrapper.application; includeInIndex = 0; path = Multiples.app; sourceTree = BUILT_PRODUCTS_DIR; };
		9FFDC5D71D1D2F2B00D715A4 /* AppDelegate.swift */ = {isa = PBXFileReference; lastKnownFileType = sourcecode.swift; path = AppDelegate.swift; sourceTree = "<group>"; };
		9FFDC5D91D1D2F2B00D715A4 /* ViewController.swift */ = {isa = PBXFileReference; lastKnownFileType = sourcecode.swift; path = ViewController.swift; sourceTree = "<group>"; };
		9FFDC5DC1D1D2F2B00D715A4 /* Base */ = {isa = PBXFileReference; lastKnownFileType = file.storyboard; name = Base; path = Base.lproj/Main.storyboard; sourceTree = "<group>"; };
		9FFDC5DE1D1D2F2B00D715A4 /* Assets.xcassets */ = {isa = PBXFileReference; lastKnownFileType = folder.assetcatalog; path = Assets.xcassets; sourceTree = "<group>"; };
		9FFDC5E11D1D2F2B00D715A4 /* Base */ = {isa = PBXFileReference; lastKnownFileType = file.storyboard; name = Base; path = Base.lproj/LaunchScreen.storyboard; sourceTree = "<group>"; };
		9FFDC5E31D1D2F2B00D715A4 /* Info.plist */ = {isa = PBXFileReference; lastKnownFileType = text.plist.xml; path = Info.plist; sourceTree = "<group>"; };
/* End PBXFileReference section */

/* Begin PBXFrameworksBuildPhase section */
		9FFDC5D11D1D2F2B00D715A4 /* Frameworks */ = {
			isa = PBXFrameworksBuildPhase;
			buildActionMask = 2147483647;
			files = (
			);
			runOnlyForDeploymentPostprocessing = 0;
		};
/* End PBXFrameworksBuildPhase section */

/* Begin PBXGroup section */
		9FFDC5CB1D1D2F2B00D715A4 = {
			isa = PBXGroup;
			children = (
				9FFDC5D61D1D2F2B00D715A4 /* Multiples */,
				9FFDC5D51D1D2F2B00D715A4 /* Products */,
			);
			sourceTree = "<group>";
		};
		9FFDC5D51D1D2F2B00D715A4 /* Products */ = {
			isa = PBXGroup;
			children = (
				9FFDC5D41D1D2F2B00D715A4 /* Multiples.app */,
			);
			name = Products;
			sourceTree = "<group>";
		};
		9FFDC5D61D1D2F2B00D715A4 /* Multiples */ = {
			isa = PBXGroup;
			children = (
				9FFDC5D71D1D2F2B00D715A4 /* AppDelegate.swift */,
				9FFDC5D91D1D2F2B00D715A4 /* ViewController.swift */,
				9FFDC5DB1D1D2F2B00D715A4 /* Main.storyboard */,
				9FFDC5DE1D1D2F2B00D715A4 /* Assets.xcassets */,
				9FFDC5E01D1D2F2B00D715A4 /* LaunchScreen.storyboard */,
				9FFDC5E31D1D2F2B00D715A4 /* Info.plist */,
			);
			path = Multiples;
			sourceTree = "<group>";
		};
/* End PBXGroup section */

/* Begin PBXNativeTarget section */
		9FFDC5D31D1D2F2B00D715A4 /* Multiples */ = {
			isa = PBXNativeTarget;
			buildConfigurationList = 9FFDC5E61D1D2F2B00D715A4 /* Build configuration list for PBXNativeTarget "Multiples" */;
			buildPhases = (
				9FFDC5D01D1D2F2B00D715A4 /* Sources */,
				9FFDC5D11D1D2F2B00D715A4 /* Frameworks */,
				9FFDC5D21D1D2F2B00D715A4 /* Resources */,
			);
			buildRules = (
			);
			dependencies = (
			);
			name = Multiples;
			productName = Multiples;
			productReference = 9FFDC5D41D1D2F2B00D715A4 /* Multiples.app */;
			productType = "com.apple.product-type.application";
		};
/* End PBXNativeTarget section */

/* Begin PBXProject section */
		9FFDC5CC1D1D2F2B00D715A4 /* Project object */ = {
			isa = PBXProject;
			attributes = {
				LastSwiftUpdateCheck = 0730;
				LastUpgradeCheck = 0730;
				ORGANIZATIONNAME = "Javid Poornasir";
				TargetAttributes = {
					9FFDC5D31D1D2F2B00D715A4 = {
						CreatedOnToolsVersion = 7.3;
					};
				};
			};
			buildConfigurationList = 9FFDC5CF1D1D2F2B00D715A4 /* Build configuration list for PBXProject "Multiples" */;
			compatibilityVersion = "Xcode 3.2";
			developmentRegion = English;
			hasScannedForEncodings = 0;
			knownRegions = (
				en,
				Base,
			);
			mainGroup = 9FFDC5CB1D1D2F2B00D715A4;
			productRefGroup = 9FFDC5D51D1D2F2B00D715A4 /* Products */;
			projectDirPath = "";
			projectRoot = "";
			targets = (
				9FFDC5D31D1D2F2B00D715A4 /* Multiples */,
			);
		};
/* End PBXProject section */

/* Begin PBXResourcesBuildPhase section */
		9FFDC5D21D1D2F2B00D715A4 /* Resources */ = {
			isa = PBXResourcesBuildPhase;
			buildActionMask = 2147483647;
			files = (
				9FFDC5E21D1D2F2B00D715A4 /* LaunchScreen.storyboard in Resources */,
				9FFDC5DF1D1D2F2B00D715A4 /* Assets.xcassets in Resources */,
				9FFDC5DD1D1D2F2B00D715A4 /* Main.storyboard in Resources */,
			);
			runOnlyForDeploymentPostprocessing = 0;
		};
/* End PBXResourcesBuildPhase section */

/* Begin PBXSourcesBuildPhase section */
		9FFDC5D01D1D2F2B00D715A4 /* Sources */ = {
			isa = PBXSourcesBuildPhase;
			buildActionMask = 2147483647;
			files = (
				9FFDC5DA1D1D2F2B00D715A4 /* ViewController.swift in Sources */,
				9FFDC5D81D1D2F2B00D715A4 /* AppDelegate.swift in Sources */,
			);
			runOnlyForDeploymentPostprocessing = 0;
		};
/* End PBXSourcesBuildPhase section */

/* Begin PBXVariantGroup section */
		9FFDC5DB1D1D2F2B00D715A4 /* Main.storyboard */ = {
			isa = PBXVariantGroup;
			children = (
				9FFDC5DC1D1D2F2B00D715A4 /* Base */,
			);
			name = Main.storyboard;
			sourceTree = "<group>";
		};
		9FFDC5E01D1D2F2B00D715A4 /* LaunchScreen.storyboard */ = {
			isa = PBXVariantGroup;
			children = (
				9FFDC5E11D1D2F2B00D715A4 /* Base */,
			);
			name = LaunchScreen.storyboard;
			sourceTree = "<group>";
		};
/* End PBXVariantGroup section */

/* Begin XCBuildConfiguration section */
		9FFDC5E41D1D2F2B00D715A4 /* Debug */ = {
			isa = XCBuildConfiguration;
			buildSettings = {
				ALWAYS_SEARCH_USER_PATHS = NO;
				CLANG_ANALYZER_NONNULL = YES;
				CLANG_CXX_LANGUAGE_STANDARD = "gnu++0x";
				CLANG_CXX_LIBRARY = "libc++";
				CLANG_ENABLE_MODULES = YES;
				CLANG_ENABLE_OBJC_ARC = YES;
				CLANG_WARN_BOOL_CONVERSION = YES;
				CLANG_WARN_CONSTANT_CONVERSION = YES;
				CLANG_WARN_DIRECT_OBJC_ISA_USAGE = YES_ERROR;
				CLANG_WARN_EMPTY_BODY = YES;
				CLANG_WARN_ENUM_CONVERSION = YES;
				CLANG_WARN_INT_CONVERSION = YES;
				CLANG_WARN_OBJC_ROOT_CLASS = YES_ERROR;
				CLANG_WARN_UNREACHABLE_CODE = YES;
				CLANG_WARN__DUPLICATE_METHOD_MATCH = YES;
				"CODE_SIGN_IDENTITY[sdk=iphoneos*]" = "iPhone Developer";
				COPY_PHASE_STRIP = NO;
				DEBUG_INFORMATION_FORMAT = dwarf;
				ENABLE_STRICT_OBJC_MSGSEND = YES;
				ENABLE_TESTABILITY = YES;
				GCC_C_LANGUAGE_STANDARD = gnu99;
				GCC_DYNAMIC_NO_PIC = NO;
				GCC_NO_COMMON_BLOCKS = YES;
				GCC_OPTIMIZATION_LEVEL = 0;
				GCC_PREPROCESSOR_DEFINITIONS = (
					"DEBUG=1",
					"$(inherited)",
				);
				GCC_WARN_64_TO_32_BIT_CONVERSION = YES;
				GCC_WARN_ABOUT_RETURN_TYPE = YES_ERROR;
				GCC_WARN_UNDECLARED_SELECTOR = YES;
				GCC_WARN_UNINITIALIZED_AUTOS = YES_AGGRESSIVE;
				GCC_WARN_UNUSED_FUNCTION = YES;
				GCC_WARN_UNUSED_VARIABLE = YES;
				IPHONEOS_DEPLOYMENT_TARGET = 9.3;
				MTL_ENABLE_DEBUG_INFO = YES;
				ONLY_ACTIVE_ARCH = YES;
				SDKROOT = iphoneos;
				SWIFT_OPTIMIZATION_LEVEL = "-Onone";
			};
			name = Debug;
		};
		9FFDC5E51D1D2F2B00D715A4 /* Release */ = {
			isa = XCBuildConfiguration;
			buildSettings = {
				ALWAYS_SEARCH_USER_PATHS = NO;
				CLANG_ANALYZER_NONNULL = YES;
				CLANG_CXX_LANGUAGE_STANDARD = "gnu++0x";
				CLANG_CXX_LIBRARY = "libc++";
				CLANG_ENABLE_MODULES = YES;
				CLANG_ENABLE_OBJC_ARC = YES;
				CLANG_WARN_BOOL_CONVERSION = YES;
				CLANG_WARN_CONSTANT_CONVERSION = YES;
				CLANG_WARN_DIRECT_OBJC_ISA_USAGE = YES_ERROR;
				CLANG_WARN_EMPTY_BODY = YES;
				CLANG_WARN_ENUM_CONVERSION = YES;
				CLANG_WARN_INT_CONVERSION = YES;
				CLANG_WARN_OBJC_ROOT_CLASS = YES_ERROR;
				CLANG_WARN_UNREACHABLE_CODE = YES;
				CLANG_WARN__DUPLICATE_METHOD_MATCH = YES;
				"CODE_SIGN_IDENTITY[sdk=iphoneos*]" = "iPhone Developer";
				COPY_PHASE_STRIP = NO;
				DEBUG_INFORMATION_FORMAT = "dwarf-with-dsym";
				ENABLE_NS_ASSERTIONS = NO;
				ENABLE_STRICT_OBJC_MSGSEND = YES;
				GCC_C_LANGUAGE_STANDARD = gnu99;
				GCC_NO_COMMON_BLOCKS = YES;
				GCC_WARN_64_TO_32_BIT_CONVERSION = YES;
				GCC_WARN_ABOUT_RETURN_TYPE = YES_ERROR;
				GCC_WARN_UNDECLARED_SELECTOR = YES;
				GCC_WARN_UNINITIALIZED_AUTOS = YES_AGGRESSIVE;
				GCC_WARN_UNUSED_FUNCTION = YES;
				GCC_WARN_UNUSED_VARIABLE = YES;
				IPHONEOS_DEPLOYMENT_TARGET = 9.3;
				MTL_ENABLE_DEBUG_INFO = NO;
				SDKROOT = iphoneos;
				VALIDATE_PRODUCT = YES;
			};
			name = Release;
		};
		9FFDC5E71D1D2F2B00D715A4 /* Debug */ = {
			isa = XCBuildConfiguration;
			buildSettings = {
				ASSETCATALOG_COMPILER_APPICON_NAME = AppIcon;
				INFOPLIST_FILE = Multiples/Info.plist;
				LD_RUNPATH_SEARCH_PATHS = "$(inherited) @executable_path/Frameworks";
				PRODUCT_BUNDLE_IDENTIFIER = com.appcoda.Multiples;
				PRODUCT_NAME = "$(TARGET_NAME)";
			};
			name = Debug;
		};
		9FFDC5E81D1D2F2B00D715A4 /* Release */ = {
			isa = XCBuildConfiguration;
			buildSettings = {
				ASSETCATALOG_COMPILER_APPICON_NAME = AppIcon;
				INFOPLIST_FILE = Multiples/Info.plist;
				LD_RUNPATH_SEARCH_PATHS = "$(inherited) @executable_path/Frameworks";
				PRODUCT_BUNDLE_IDENTIFIER = com.appcoda.Multiples;
				PRODUCT_NAME = "$(TARGET_NAME)";
			};
			name = Release;
		};
/* End XCBuildConfiguration section */

/* Begin XCConfigurationList section */
		9FFDC5CF1D1D2F2B00D715A4 /* Build configuration list for PBXProject "Multiples" */ = {
			isa = XCConfigurationList;
			buildConfigurations = (
				9FFDC5E41D1D2F2B00D715A4 /* Debug */,
				9FFDC5E51D1D2F2B00D715A4 /* Release */,
			);
			defaultConfigurationIsVisible = 0;
			defaultConfigurationName = Release;
		};
		9FFDC5E61D1D2F2B00D715A4 /* Build configuration list for PBXNativeTarget "Multiples" */ = {
			isa = XCConfigurationList;
			buildConfigurations = (
				9FFDC5E71D1D2F2B00D715A4 /* Debug */,
				9FFDC5E81D1D2F2B00D715A4 /* Release */,
			);
			defaultConfigurationIsVisible = 0;
		};
/* End XCConfigurationList section */
	};
	rootObject = 9FFDC5CC1D1D2F2B00D715A4 /* Project object */;
}
